
Microsoft Visual Studio Solution File, Format Version 12.00
# Visual Studio Version 17
VisualStudioVersion = 17.9.34607.119
MinimumVisualStudioVersion = 10.0.40219.1
Project("{FAE04EC0-301F-11D3-BF4B-00C04F79EFBC}") = "hometask array", "hometask array\hometask array.csproj", "{FDB7DAA2-18EC-4F1B-A8C2-FA723CB5C4C9}"
EndProject
Global
	GlobalSection(SolutionConfigurationPlatforms) = preSolution
		Debug|Any CPU = Debug|Any CPU
		Release|Any CPU = Release|Any CPU
	EndGlobalSection
	GlobalSection(ProjectConfigurationPlatforms) = postSolution
		{FDB7DAA2-18EC-4F1B-A8C2-FA723CB5C4C9}.Debug|Any CPU.ActiveCfg = Debug|Any CPU
		{FDB7DAA2-18EC-4F1B-A8C2-FA723CB5C4C9}.Debug|Any CPU.Build.0 = Debug|Any CPU
		{FDB7DAA2-18EC-4F1B-A8C2-FA723CB5C4C9}.Release|Any CPU.ActiveCfg = Release|Any CPU
		{FDB7DAA2-18EC-4F1B-A8C2-FA723CB5C4C9}.Release|Any CPU.Build.0 = Release|Any CPU
	EndGlobalSection
	GlobalSection(SolutionProperties) = preSolution
		HideSolutionNode = FALSE
	EndGlobalSection
	GlobalSection(ExtensibilityGlobals) = postSolution
		SolutionGuid = {1A340A42-277F-4481-BDB7-60779A31D66A}
	EndGlobalSection
EndGlobal
